# THIS IS AN AUTOGENERATED FILE. DO NOT EDIT THIS FILE DIRECTLY.
# yarn lockfile v1


"@playwright/test@^1.22.2":
  version "1.22.2"
  resolved "https://registry.yarnpkg.com/@playwright/test/-/test-1.22.2.tgz#b848f25f8918140c2d0bae8e9227a40198f2dd4a"
  integrity sha512-cCl96BEBGPtptFz7C2FOSN3PrTnJ3rPpENe+gYCMx4GNNDlN4tmo2D89y13feGKTMMAIVrXfSQ/UmaQKLy1XLA==
  dependencies:
    "@types/node" "*"
    playwright-core "1.22.2"

"@types/node@*":
  version "17.0.39"
  resolved "https://registry.yarnpkg.com/@types/node/-/node-17.0.39.tgz#3652d82e2a16b4ea679d5ea3143b816c91b7e113"
  integrity sha512-JDU3YLlnPK3WDao6/DlXLOgSNpG13ct+CwIO17V8q0/9fWJyeMJJ/VyZ1lv8kDprihvZMydzVwf0tQOqGiY2Nw==

axe-core@^4.0.1:
  version "4.4.2"
  resolved "https://registry.yarnpkg.com/axe-core/-/axe-core-4.4.2.tgz#dcf7fb6dea866166c3eab33d68208afe4d5f670c"
  integrity sha512-LVAaGp/wkkgYJcjmHsoKx4juT1aQvJyPcW09MLCjVTh3V2cc6PnyempiLMNH5iMdfIX/zdbjUx2KDjMLCTdPeA==

axe-playwright@^1.1.11:
  version "1.1.11"
  resolved "https://registry.yarnpkg.com/axe-playwright/-/axe-playwright-1.1.11.tgz#e57638f08d29b58d157a2aeb34cf81730eab2cff"
  integrity sha512-YHmUouvF/dFNxoFFwbCjPFmEPwoJSzPgZsD0KZs3xjsR03Rf2mAh771ugre950MaBYuiyxYDlurH5BOEJBK34Q==
  dependencies:
    axe-core "^4.0.1"

playwright-core@1.22.2:
  version "1.22.2"
  resolved "https://registry.yarnpkg.com/playwright-core/-/playwright-core-1.22.2.tgz#ed2963d79d71c2a18d5a6fd25b60b9f0a344661a"
  integrity sha512-w/hc/Ld0RM4pmsNeE6aL/fPNWw8BWit2tg+TfqJ3+p59c6s3B6C8mXvXrIPmfQEobkcFDc+4KirNzOQ+uBSP1Q==
